
Microsoft Visual Studio Solution File, Format Version 12.00
# Visual Studio Version 17
VisualStudioVersion = 17.4.33110.190
MinimumVisualStudioVersion = 10.0.40219.1
Project("{FAE04EC0-301F-11D3-BF4B-00C04F79EFBC}") = "Area51", "Area51\Area51.csproj", "{1D770E7B-D3DF-461F-BEA3-DE3FBC55144F}"
EndProject
Global
	GlobalSection(SolutionConfigurationPlatforms) = preSolution
		Debug|Any CPU = Debug|Any CPU
		Release|Any CPU = Release|Any CPU
	EndGlobalSection
	GlobalSection(ProjectConfigurationPlatforms) = postSolution
		{1D770E7B-D3DF-461F-BEA3-DE3FBC55144F}.Debug|Any CPU.ActiveCfg = Debug|Any CPU
		{1D770E7B-D3DF-461F-BEA3-DE3FBC55144F}.Debug|Any CPU.Build.0 = Debug|Any CPU
		{1D770E7B-D3DF-461F-BEA3-DE3FBC55144F}.Release|Any CPU.ActiveCfg = Release|Any CPU
		{1D770E7B-D3DF-461F-BEA3-DE3FBC55144F}.Release|Any CPU.Build.0 = Release|Any CPU
	EndGlobalSection
	GlobalSection(SolutionProperties) = preSolution
		HideSolutionNode = FALSE
	EndGlobalSection
	GlobalSection(ExtensibilityGlobals) = postSolution
		SolutionGuid = {5B3078C9-4AD8-4796-B9A2-F79AD94453CB}
	EndGlobalSection
EndGlobal
